<?xml version="1.0" encoding="utf-8"?>
<Project ToolsVersion="4.0" xmlns="http://schemas.microsoft.com/developer/msbuild/2003">
  <ItemGroup>
    <Filter Include="Source Files">
      <UniqueIdentifier>{4FC737F1-C7A5-4376-A066-2A32D752A2FF}</UniqueIdentifier>
      <Extensions>cpp;c;cc;cxx;def;odl;idl;hpj;bat;asm;asmx</Extensions>
    </Filter>
    <Filter Include="Header Files">
      <UniqueIdentifier>{93995380-89BD-4b04-88EB-625FBE52EBFB}</UniqueIdentifier>
      <Extensions>h;hpp;hxx;hm;inl;inc;xsd</Extensions>
    </Filter>
    <Filter Include="Resource Files">
      <UniqueIdentifier>{67DA6AB6-F800-4c08-8B7A-83BB121AAD01}</UniqueIdentifier>
      <Extensions>rc;ico;cur;bmp;dlg;rc2;rct;bin;rgs;gif;jpg;jpeg;jpe;resx;tiff;tif;png;wav;mfcribbon-ms</Extensions>
    </Filter>
    <Filter Include="Shader">
      <UniqueIdentifier>{fa804d19-82e6-458f-802c-006c576a8cce}</UniqueIdentifier>
    </Filter>
  </ItemGroup>
  <ItemGroup>
    <ClInclude Include="content.h">
      <Filter>Header Files</Filter>
    </ClInclude>
    <ClInclude Include="Physics.h">
      <Filter>Header Files</Filter>
    </ClInclude>
    <ClInclude Include="Mesh.h">
      <Filter>Header Files</Filter>
    </ClInclude>
    <ClInclude Include="ShaderLoader.h">
      <Filter>Header Files</Filter>
    </ClInclude>
    <ClInclude Include="ShaderLoaderManager.h">
      <Filter>Header Files</Filter>
    </ClInclude>
  </ItemGroup>
  <ItemGroup>
    <ClCompile Include="Physics.cpp">
      <Filter>Source Files</Filter>
    </ClCompile>
    <ClCompile Include="Mesh.cpp">
      <Filter>Source Files</Filter>
    </ClCompile>
    <ClCompile Include="ShaderLoader.cpp">
      <Filter>Source Files</Filter>
    </ClCompile>
    <ClCompile Include="Runner.cpp">
      <Filter>Source Files</Filter>
    </ClCompile>
    <ClCompile Include="ShaderLoaderManager.cpp">
      <Filter>Source Files</Filter>
    </ClCompile>
  </ItemGroup>
  <ItemGroup>
    <None Include="toonFS.glsl">
      <Filter>Shader</Filter>
    </None>
    <None Include="toonVS.glsl">
      <Filter>Shader</Filter>
    </None>
    <None Include="phongFragmentShader.glsl">
      <Filter>Shader</Filter>
    </None>
    <None Include="phongVertexShader.glsl">
      <Filter>Shader</Filter>
    </None>
    <None Include="basicphongFS.glsl">
      <Filter>Shader</Filter>
    </None>
    <None Include="basicphongVS.glsl">
      <Filter>Shader</Filter>
    </None>
    <None Include="cookTorranceVS.glsl">
      <Filter>Shader</Filter>
    </None>
    <None Include="cookTorranceFS.glsl">
      <Filter>Shader</Filter>
    </None>
    <None Include="orenRayarVS.glsl">
      <Filter>Shader</Filter>
    </None>
    <None Include="orenRayarFS.glsl">
      <Filter>Shader</Filter>
    </None>
    <None Include="testFS.glsl">
      <Filter>Shader</Filter>
    </None>
    <None Include="testVS.glsl">
      <Filter>Shader</Filter>
    </None>
  </ItemGroup>
</Project>